<?xml version="1.0" encoding="utf-8"?>
<Project ToolsVersion="4.0" xmlns="http://schemas.microsoft.com/developer/msbuild/2003">
  <ItemGroup>
    <Filter Include="win32">
      <UniqueIdentifier>{84a8ebd7-7cf0-47f6-b75e-d441df67da40}</UniqueIdentifier>
    </Filter>
    <Filter Include="resource">
      <UniqueIdentifier>{715254bc-d70b-4ec5-bf29-467dd3ace079}</UniqueIdentifier>
    </Filter>
    <Filter Include="src">
      <UniqueIdentifier>{bb6c862e-70e9-49d9-81b7-3829a6f50471}</UniqueIdentifier>
    </Filter>
    <Filter Include="src\实例类">
      <UniqueIdentifier>{ca5b0301-8a75-4162-af17-daef9e8228bb}</UniqueIdentifier>
    </Filter>
    <Filter Include="src\场景">
      <UniqueIdentifier>{9716dd7a-8365-4a0c-9819-59eb8b3837d3}</UniqueIdentifier>
    </Filter>
    <Filter Include="src\游戏场景">
      <UniqueIdentifier>{21f2b304-7077-4ec4-8ae1-a5702120fbc3}</UniqueIdentifier>
    </Filter>
  </ItemGroup>
  <ItemGroup>
    <ClCompile Include="main.cpp">
      <Filter>win32</Filter>
    </ClCompile>
    <ClCompile Include="..\Classes\AppDelegate.cpp">
      <Filter>src</Filter>
    </ClCompile>
    <ClCompile Include="..\Classes\cuttingphotos.cpp">
      <Filter>src\实例类</Filter>
    </ClCompile>
    <ClCompile Include="..\Classes\loadScene.cpp">
      <Filter>src\场景</Filter>
    </ClCompile>
    <ClCompile Include="..\Classes\startScene.cpp">
      <Filter>src\场景</Filter>
    </ClCompile>
    <ClCompile Include="..\Classes\setting.cpp">
      <Filter>src\场景</Filter>
    </ClCompile>
    <ClCompile Include="..\Classes\chooseScene.cpp">
      <Filter>src\场景</Filter>
    </ClCompile>
    <ClCompile Include="..\Classes\about.cpp">
      <Filter>src\场景</Filter>
    </ClCompile>
    <ClCompile Include="..\Classes\gamelayer.cpp">
      <Filter>src\游戏场景</Filter>
    </ClCompile>
  </ItemGroup>
  <ItemGroup>
    <ClInclude Include="main.h">
      <Filter>win32</Filter>
    </ClInclude>
    <ClInclude Include="..\Classes\AppDelegate.h">
      <Filter>src</Filter>
    </ClInclude>
    <ClInclude Include="..\Classes\cuttingphotos.h">
      <Filter>src\实例类</Filter>
    </ClInclude>
    <ClInclude Include="..\Classes\loadScene.h">
      <Filter>src\场景</Filter>
    </ClInclude>
    <ClInclude Include="..\Classes\startScene.h">
      <Filter>src\场景</Filter>
    </ClInclude>
    <ClInclude Include="..\Classes\setting.h">
      <Filter>src\场景</Filter>
    </ClInclude>
    <ClInclude Include="..\Classes\chooseScene.h">
      <Filter>src\场景</Filter>
    </ClInclude>
    <ClInclude Include="..\Classes\about.h">
      <Filter>src\场景</Filter>
    </ClInclude>
    <ClInclude Include="..\Classes\gamelayer.h">
      <Filter>src\游戏场景</Filter>
    </ClInclude>
  </ItemGroup>
  <ItemGroup>
    <ResourceCompile Include="game.rc">
      <Filter>resource</Filter>
    </ResourceCompile>
  </ItemGroup>
</Project>